
Microsoft Visual Studio Solution File, Format Version 12.00
# Visual Studio 15
VisualStudioVersion = 15.0.28307.102
MinimumVisualStudioVersion = 10.0.40219.1
Project("{FAE04EC0-301F-11D3-BF4B-00C04F79EFBC}") = "TestKode", "TestKode\TestKode.csproj", "{C82FBEDA-A7FA-4128-A682-CF6ED1954729}"
EndProject
Project("{FAE04EC0-301F-11D3-BF4B-00C04F79EFBC}") = "debugdemo", "debugdemo\debugdemo.csproj", "{CC8FC253-3A70-40C8-9201-22EFECF3DC8B}"
EndProject
Project("{FAE04EC0-301F-11D3-BF4B-00C04F79EFBC}") = "opgave_variabler", "opgave_variabler\opgave_variabler.csproj", "{827AE000-E5C3-43B5-B0F9-FBC0B248FB6D}"
EndProject
Project("{FAE04EC0-301F-11D3-BF4B-00C04F79EFBC}") = "dato_tid", "dato_tid\dato_tid.csproj", "{C59774EF-698D-4D2A-9365-81DF9059ECDF}"
EndProject
Project("{FAE04EC0-301F-11D3-BF4B-00C04F79EFBC}") = "text_variabler", "text_variabler\text_variabler.csproj", "{7096EE39-9F35-48D6-BC1D-C39589D3FFEA}"
EndProject
Project("{2150E333-8FDC-42A3-9474-1A3956D46DE8}") = "Solution Items", "Solution Items", "{A3B7DAF0-22BC-44D5-A2EB-91D7A93BBE73}"
	ProjectSection(SolutionItems) = preProject
		.editorconfig = .editorconfig
	EndProjectSection
EndProject
Project("{FAE04EC0-301F-11D3-BF4B-00C04F79EFBC}") = "enum_struct", "enum_struct\enum_struct.csproj", "{69A6CD72-FF63-46BF-9206-AD7EA9E716C7}"
EndProject
Project("{FAE04EC0-301F-11D3-BF4B-00C04F79EFBC}") = "Fejl_simple", "Fejl_simple\Fejl_simple.csproj", "{A278D924-9D29-4B0B-9C7E-FC9E788D05F0}"
EndProject
Project("{FAE04EC0-301F-11D3-BF4B-00C04F79EFBC}") = "Flow", "Flow\Flow.csproj", "{FC071079-6B00-433D-9BD5-D3F64D388EA3}"
EndProject
Project("{FAE04EC0-301F-11D3-BF4B-00C04F79EFBC}") = "Gliste", "Gliste\Gliste.csproj", "{63569E4E-D00F-4E4A-B7D3-D53D2C199FA3}"
EndProject
Project("{FAE04EC0-301F-11D3-BF4B-00C04F79EFBC}") = "Huk", "Huk\Huk.csproj", "{5577C4EE-134C-4D87-AA0F-C35D0C451988}"
EndProject
Project("{FAE04EC0-301F-11D3-BF4B-00C04F79EFBC}") = "Metoder", "Metoder\Metoder.csproj", "{44AAD599-D449-4FB0-B4EC-8E19B2A52C7A}"
EndProject
Project("{FAE04EC0-301F-11D3-BF4B-00C04F79EFBC}") = "OOP1", "OOP1\OOP1.csproj", "{8D065850-E119-4DD6-A833-21ACAC8378C1}"
EndProject
Project("{FAE04EC0-301F-11D3-BF4B-00C04F79EFBC}") = "Vare", "Vare\Vare.csproj", "{588E4A31-2CA1-4796-AEAF-A8A8551BBD2B}"
EndProject
Project("{FAE04EC0-301F-11D3-BF4B-00C04F79EFBC}") = "Variabler", "Variabler\Variabler.csproj", "{12AC083A-F87B-4C2F-85F8-2647DF2ED974}"
EndProject
Project("{FAE04EC0-301F-11D3-BF4B-00C04F79EFBC}") = "ArvFaktura", "ArvFaktura\ArvFaktura.csproj", "{A8B00DB6-1B62-4D2F-AAC4-AB30D5A846CA}"
EndProject
Project("{FAE04EC0-301F-11D3-BF4B-00C04F79EFBC}") = "EgetInterface", "EgetInterface\EgetInterface.csproj", "{B9326A51-150C-4D82-AAA6-F270833C0C4F}"
EndProject
Project("{FAE04EC0-301F-11D3-BF4B-00C04F79EFBC}") = "TestCompare", "TestCompare\TestCompare.csproj", "{B233E74C-372A-4DC1-9FBD-AD26C4F65FFD}"
EndProject
Project("{FAE04EC0-301F-11D3-BF4B-00C04F79EFBC}") = "DelegatesApp", "DelegatesApp\DelegatesApp.csproj", "{65955F45-36A8-4CB0-8D35-80E3F8A1A34A}"
EndProject
Project("{FAE04EC0-301F-11D3-BF4B-00C04F79EFBC}") = "LambdaApp", "LambdaApp\LambdaApp.csproj", "{6E1040A5-7EBC-478F-AF58-8EDB118FBED1}"
EndProject
Project("{FAE04EC0-301F-11D3-BF4B-00C04F79EFBC}") = "EventApp", "EventApp\EventApp.csproj", "{6FB702CF-6F59-4026-B831-F2BBEBA7E4DA}"
EndProject
Project("{FAE04EC0-301F-11D3-BF4B-00C04F79EFBC}") = "LINQApp", "LINQApp\LINQApp.csproj", "{E7EDB3C1-BBC6-4520-BD2B-0388CC876CB7}"
EndProject
Global
	GlobalSection(SolutionConfigurationPlatforms) = preSolution
		Debug|Any CPU = Debug|Any CPU
		Release|Any CPU = Release|Any CPU
	EndGlobalSection
	GlobalSection(ProjectConfigurationPlatforms) = postSolution
		{C82FBEDA-A7FA-4128-A682-CF6ED1954729}.Debug|Any CPU.ActiveCfg = Debug|Any CPU
		{C82FBEDA-A7FA-4128-A682-CF6ED1954729}.Debug|Any CPU.Build.0 = Debug|Any CPU
		{C82FBEDA-A7FA-4128-A682-CF6ED1954729}.Release|Any CPU.ActiveCfg = Release|Any CPU
		{C82FBEDA-A7FA-4128-A682-CF6ED1954729}.Release|Any CPU.Build.0 = Release|Any CPU
		{CC8FC253-3A70-40C8-9201-22EFECF3DC8B}.Debug|Any CPU.ActiveCfg = Debug|Any CPU
		{CC8FC253-3A70-40C8-9201-22EFECF3DC8B}.Debug|Any CPU.Build.0 = Debug|Any CPU
		{CC8FC253-3A70-40C8-9201-22EFECF3DC8B}.Release|Any CPU.ActiveCfg = Release|Any CPU
		{CC8FC253-3A70-40C8-9201-22EFECF3DC8B}.Release|Any CPU.Build.0 = Release|Any CPU
		{827AE000-E5C3-43B5-B0F9-FBC0B248FB6D}.Debug|Any CPU.ActiveCfg = Debug|Any CPU
		{827AE000-E5C3-43B5-B0F9-FBC0B248FB6D}.Debug|Any CPU.Build.0 = Debug|Any CPU
		{827AE000-E5C3-43B5-B0F9-FBC0B248FB6D}.Release|Any CPU.ActiveCfg = Release|Any CPU
		{827AE000-E5C3-43B5-B0F9-FBC0B248FB6D}.Release|Any CPU.Build.0 = Release|Any CPU
		{C59774EF-698D-4D2A-9365-81DF9059ECDF}.Debug|Any CPU.ActiveCfg = Debug|Any CPU
		{C59774EF-698D-4D2A-9365-81DF9059ECDF}.Debug|Any CPU.Build.0 = Debug|Any CPU
		{C59774EF-698D-4D2A-9365-81DF9059ECDF}.Release|Any CPU.ActiveCfg = Release|Any CPU
		{C59774EF-698D-4D2A-9365-81DF9059ECDF}.Release|Any CPU.Build.0 = Release|Any CPU
		{7096EE39-9F35-48D6-BC1D-C39589D3FFEA}.Debug|Any CPU.ActiveCfg = Debug|Any CPU
		{7096EE39-9F35-48D6-BC1D-C39589D3FFEA}.Debug|Any CPU.Build.0 = Debug|Any CPU
		{7096EE39-9F35-48D6-BC1D-C39589D3FFEA}.Release|Any CPU.ActiveCfg = Release|Any CPU
		{7096EE39-9F35-48D6-BC1D-C39589D3FFEA}.Release|Any CPU.Build.0 = Release|Any CPU
		{69A6CD72-FF63-46BF-9206-AD7EA9E716C7}.Debug|Any CPU.ActiveCfg = Debug|Any CPU
		{69A6CD72-FF63-46BF-9206-AD7EA9E716C7}.Debug|Any CPU.Build.0 = Debug|Any CPU
		{69A6CD72-FF63-46BF-9206-AD7EA9E716C7}.Release|Any CPU.ActiveCfg = Release|Any CPU
		{69A6CD72-FF63-46BF-9206-AD7EA9E716C7}.Release|Any CPU.Build.0 = Release|Any CPU
		{A278D924-9D29-4B0B-9C7E-FC9E788D05F0}.Debug|Any CPU.ActiveCfg = Debug|Any CPU
		{A278D924-9D29-4B0B-9C7E-FC9E788D05F0}.Debug|Any CPU.Build.0 = Debug|Any CPU
		{A278D924-9D29-4B0B-9C7E-FC9E788D05F0}.Release|Any CPU.ActiveCfg = Release|Any CPU
		{A278D924-9D29-4B0B-9C7E-FC9E788D05F0}.Release|Any CPU.Build.0 = Release|Any CPU
		{FC071079-6B00-433D-9BD5-D3F64D388EA3}.Debug|Any CPU.ActiveCfg = Debug|Any CPU
		{FC071079-6B00-433D-9BD5-D3F64D388EA3}.Debug|Any CPU.Build.0 = Debug|Any CPU
		{FC071079-6B00-433D-9BD5-D3F64D388EA3}.Release|Any CPU.ActiveCfg = Release|Any CPU
		{FC071079-6B00-433D-9BD5-D3F64D388EA3}.Release|Any CPU.Build.0 = Release|Any CPU
		{63569E4E-D00F-4E4A-B7D3-D53D2C199FA3}.Debug|Any CPU.ActiveCfg = Debug|Any CPU
		{63569E4E-D00F-4E4A-B7D3-D53D2C199FA3}.Debug|Any CPU.Build.0 = Debug|Any CPU
		{63569E4E-D00F-4E4A-B7D3-D53D2C199FA3}.Release|Any CPU.ActiveCfg = Release|Any CPU
		{63569E4E-D00F-4E4A-B7D3-D53D2C199FA3}.Release|Any CPU.Build.0 = Release|Any CPU
		{5577C4EE-134C-4D87-AA0F-C35D0C451988}.Debug|Any CPU.ActiveCfg = Debug|Any CPU
		{5577C4EE-134C-4D87-AA0F-C35D0C451988}.Debug|Any CPU.Build.0 = Debug|Any CPU
		{5577C4EE-134C-4D87-AA0F-C35D0C451988}.Release|Any CPU.ActiveCfg = Release|Any CPU
		{5577C4EE-134C-4D87-AA0F-C35D0C451988}.Release|Any CPU.Build.0 = Release|Any CPU
		{44AAD599-D449-4FB0-B4EC-8E19B2A52C7A}.Debug|Any CPU.ActiveCfg = Debug|Any CPU
		{44AAD599-D449-4FB0-B4EC-8E19B2A52C7A}.Debug|Any CPU.Build.0 = Debug|Any CPU
		{44AAD599-D449-4FB0-B4EC-8E19B2A52C7A}.Release|Any CPU.ActiveCfg = Release|Any CPU
		{44AAD599-D449-4FB0-B4EC-8E19B2A52C7A}.Release|Any CPU.Build.0 = Release|Any CPU
		{8D065850-E119-4DD6-A833-21ACAC8378C1}.Debug|Any CPU.ActiveCfg = Debug|Any CPU
		{8D065850-E119-4DD6-A833-21ACAC8378C1}.Debug|Any CPU.Build.0 = Debug|Any CPU
		{8D065850-E119-4DD6-A833-21ACAC8378C1}.Release|Any CPU.ActiveCfg = Release|Any CPU
		{8D065850-E119-4DD6-A833-21ACAC8378C1}.Release|Any CPU.Build.0 = Release|Any CPU
		{588E4A31-2CA1-4796-AEAF-A8A8551BBD2B}.Debug|Any CPU.ActiveCfg = Debug|Any CPU
		{588E4A31-2CA1-4796-AEAF-A8A8551BBD2B}.Debug|Any CPU.Build.0 = Debug|Any CPU
		{588E4A31-2CA1-4796-AEAF-A8A8551BBD2B}.Release|Any CPU.ActiveCfg = Release|Any CPU
		{588E4A31-2CA1-4796-AEAF-A8A8551BBD2B}.Release|Any CPU.Build.0 = Release|Any CPU
		{12AC083A-F87B-4C2F-85F8-2647DF2ED974}.Debug|Any CPU.ActiveCfg = Debug|Any CPU
		{12AC083A-F87B-4C2F-85F8-2647DF2ED974}.Debug|Any CPU.Build.0 = Debug|Any CPU
		{12AC083A-F87B-4C2F-85F8-2647DF2ED974}.Release|Any CPU.ActiveCfg = Release|Any CPU
		{12AC083A-F87B-4C2F-85F8-2647DF2ED974}.Release|Any CPU.Build.0 = Release|Any CPU
		{A8B00DB6-1B62-4D2F-AAC4-AB30D5A846CA}.Debug|Any CPU.ActiveCfg = Debug|Any CPU
		{A8B00DB6-1B62-4D2F-AAC4-AB30D5A846CA}.Debug|Any CPU.Build.0 = Debug|Any CPU
		{A8B00DB6-1B62-4D2F-AAC4-AB30D5A846CA}.Release|Any CPU.ActiveCfg = Release|Any CPU
		{A8B00DB6-1B62-4D2F-AAC4-AB30D5A846CA}.Release|Any CPU.Build.0 = Release|Any CPU
		{B9326A51-150C-4D82-AAA6-F270833C0C4F}.Debug|Any CPU.ActiveCfg = Debug|Any CPU
		{B9326A51-150C-4D82-AAA6-F270833C0C4F}.Debug|Any CPU.Build.0 = Debug|Any CPU
		{B9326A51-150C-4D82-AAA6-F270833C0C4F}.Release|Any CPU.ActiveCfg = Release|Any CPU
		{B9326A51-150C-4D82-AAA6-F270833C0C4F}.Release|Any CPU.Build.0 = Release|Any CPU
		{B233E74C-372A-4DC1-9FBD-AD26C4F65FFD}.Debug|Any CPU.ActiveCfg = Debug|Any CPU
		{B233E74C-372A-4DC1-9FBD-AD26C4F65FFD}.Debug|Any CPU.Build.0 = Debug|Any CPU
		{B233E74C-372A-4DC1-9FBD-AD26C4F65FFD}.Release|Any CPU.ActiveCfg = Release|Any CPU
		{B233E74C-372A-4DC1-9FBD-AD26C4F65FFD}.Release|Any CPU.Build.0 = Release|Any CPU
		{65955F45-36A8-4CB0-8D35-80E3F8A1A34A}.Debug|Any CPU.ActiveCfg = Debug|Any CPU
		{65955F45-36A8-4CB0-8D35-80E3F8A1A34A}.Debug|Any CPU.Build.0 = Debug|Any CPU
		{65955F45-36A8-4CB0-8D35-80E3F8A1A34A}.Release|Any CPU.ActiveCfg = Release|Any CPU
		{65955F45-36A8-4CB0-8D35-80E3F8A1A34A}.Release|Any CPU.Build.0 = Release|Any CPU
		{6E1040A5-7EBC-478F-AF58-8EDB118FBED1}.Debug|Any CPU.ActiveCfg = Debug|Any CPU
		{6E1040A5-7EBC-478F-AF58-8EDB118FBED1}.Debug|Any CPU.Build.0 = Debug|Any CPU
		{6E1040A5-7EBC-478F-AF58-8EDB118FBED1}.Release|Any CPU.ActiveCfg = Release|Any CPU
		{6E1040A5-7EBC-478F-AF58-8EDB118FBED1}.Release|Any CPU.Build.0 = Release|Any CPU
		{6FB702CF-6F59-4026-B831-F2BBEBA7E4DA}.Debug|Any CPU.ActiveCfg = Debug|Any CPU
		{6FB702CF-6F59-4026-B831-F2BBEBA7E4DA}.Debug|Any CPU.Build.0 = Debug|Any CPU
		{6FB702CF-6F59-4026-B831-F2BBEBA7E4DA}.Release|Any CPU.ActiveCfg = Release|Any CPU
		{6FB702CF-6F59-4026-B831-F2BBEBA7E4DA}.Release|Any CPU.Build.0 = Release|Any CPU
		{E7EDB3C1-BBC6-4520-BD2B-0388CC876CB7}.Debug|Any CPU.ActiveCfg = Debug|Any CPU
		{E7EDB3C1-BBC6-4520-BD2B-0388CC876CB7}.Debug|Any CPU.Build.0 = Debug|Any CPU
		{E7EDB3C1-BBC6-4520-BD2B-0388CC876CB7}.Release|Any CPU.ActiveCfg = Release|Any CPU
		{E7EDB3C1-BBC6-4520-BD2B-0388CC876CB7}.Release|Any CPU.Build.0 = Release|Any CPU
	EndGlobalSection
	GlobalSection(SolutionProperties) = preSolution
		HideSolutionNode = FALSE
	EndGlobalSection
	GlobalSection(ExtensibilityGlobals) = postSolution
		SolutionGuid = {D6B2D74C-193A-47C2-8972-67C827F2DA2E}
	EndGlobalSection
EndGlobal
